
Microsoft Visual Studio Solution File, Format Version 12.00
# Visual Studio Version 16
VisualStudioVersion = 16.0.31613.86
MinimumVisualStudioVersion = 10.0.40219.1
Project("{FAE04EC0-301F-11D3-BF4B-00C04F79EFBC}") = "Entidades", "Entidades\Entidades.csproj", "{0E0E720E-8F2A-4CD8-9C15-3697CB928C19}"
EndProject
Project("{FAE04EC0-301F-11D3-BF4B-00C04F79EFBC}") = "MiCalculadora", "MiCalculadora\MiCalculadora.csproj", "{1DC81542-656C-49A9-98BE-C8539E2BD95F}"
EndProject
Global
	GlobalSection(SolutionConfigurationPlatforms) = preSolution
		Debug|Any CPU = Debug|Any CPU
		Release|Any CPU = Release|Any CPU
	EndGlobalSection
	GlobalSection(ProjectConfigurationPlatforms) = postSolution
		{0E0E720E-8F2A-4CD8-9C15-3697CB928C19}.Debug|Any CPU.ActiveCfg = Debug|Any CPU
		{0E0E720E-8F2A-4CD8-9C15-3697CB928C19}.Debug|Any CPU.Build.0 = Debug|Any CPU
		{0E0E720E-8F2A-4CD8-9C15-3697CB928C19}.Release|Any CPU.ActiveCfg = Release|Any CPU
		{0E0E720E-8F2A-4CD8-9C15-3697CB928C19}.Release|Any CPU.Build.0 = Release|Any CPU
		{1DC81542-656C-49A9-98BE-C8539E2BD95F}.Debug|Any CPU.ActiveCfg = Debug|Any CPU
		{1DC81542-656C-49A9-98BE-C8539E2BD95F}.Debug|Any CPU.Build.0 = Debug|Any CPU
		{1DC81542-656C-49A9-98BE-C8539E2BD95F}.Release|Any CPU.ActiveCfg = Release|Any CPU
		{1DC81542-656C-49A9-98BE-C8539E2BD95F}.Release|Any CPU.Build.0 = Release|Any CPU
	EndGlobalSection
	GlobalSection(SolutionProperties) = preSolution
		HideSolutionNode = FALSE
	EndGlobalSection
	GlobalSection(ExtensibilityGlobals) = postSolution
		SolutionGuid = {102F83D9-6D4C-483B-A0C2-E180C391F314}
	EndGlobalSection
EndGlobal
